
Microsoft Visual Studio Solution File, Format Version 12.00
# Visual Studio Version 17
VisualStudioVersion = 17.1.32407.343
MinimumVisualStudioVersion = 10.0.40219.1
Project("{FAE04EC0-301F-11D3-BF4B-00C04F79EFBC}") = "BasicDocker", "BasicDocker\BasicDocker.csproj", "{42D6169E-8F76-41E0-86DA-FC0D7243E855}"
EndProject
Global
	GlobalSection(SolutionConfigurationPlatforms) = preSolution
		Debug|Any CPU = Debug|Any CPU
		Release|Any CPU = Release|Any CPU
	EndGlobalSection
	GlobalSection(ProjectConfigurationPlatforms) = postSolution
		{42D6169E-8F76-41E0-86DA-FC0D7243E855}.Debug|Any CPU.ActiveCfg = Debug|Any CPU
		{42D6169E-8F76-41E0-86DA-FC0D7243E855}.Debug|Any CPU.Build.0 = Debug|Any CPU
		{42D6169E-8F76-41E0-86DA-FC0D7243E855}.Release|Any CPU.ActiveCfg = Release|Any CPU
		{42D6169E-8F76-41E0-86DA-FC0D7243E855}.Release|Any CPU.Build.0 = Release|Any CPU
	EndGlobalSection
	GlobalSection(SolutionProperties) = preSolution
		HideSolutionNode = FALSE
	EndGlobalSection
	GlobalSection(ExtensibilityGlobals) = postSolution
		SolutionGuid = {C24750C4-D12D-42A3-862E-81407DAB6E57}
	EndGlobalSection
EndGlobal
