
Microsoft Visual Studio Solution File, Format Version 12.00
# Visual Studio Version 17
VisualStudioVersion = 17.1.32407.343
MinimumVisualStudioVersion = 10.0.40219.1
Project("{FAE04EC0-301F-11D3-BF4B-00C04F79EFBC}") = "WithoutDocker", "WithoutDocker\WithoutDocker.csproj", "{9F06586C-17B1-46F2-8D51-63CA8FBB0B99}"
EndProject
Global
	GlobalSection(SolutionConfigurationPlatforms) = preSolution
		Debug|Any CPU = Debug|Any CPU
		Release|Any CPU = Release|Any CPU
	EndGlobalSection
	GlobalSection(ProjectConfigurationPlatforms) = postSolution
		{9F06586C-17B1-46F2-8D51-63CA8FBB0B99}.Debug|Any CPU.ActiveCfg = Debug|Any CPU
		{9F06586C-17B1-46F2-8D51-63CA8FBB0B99}.Debug|Any CPU.Build.0 = Debug|Any CPU
		{9F06586C-17B1-46F2-8D51-63CA8FBB0B99}.Release|Any CPU.ActiveCfg = Release|Any CPU
		{9F06586C-17B1-46F2-8D51-63CA8FBB0B99}.Release|Any CPU.Build.0 = Release|Any CPU
	EndGlobalSection
	GlobalSection(SolutionProperties) = preSolution
		HideSolutionNode = FALSE
	EndGlobalSection
	GlobalSection(ExtensibilityGlobals) = postSolution
		SolutionGuid = {235F8E2F-6D9F-4163-8BF0-111E98CD66E5}
	EndGlobalSection
EndGlobal
