
Microsoft Visual Studio Solution File, Format Version 12.00
# Visual Studio Version 17
VisualStudioVersion = 17.2.32519.379
MinimumVisualStudioVersion = 10.0.40219.1
Project("{FAE04EC0-301F-11D3-BF4B-00C04F79EFBC}") = "SampleWebApp", "SampleWebApp\SampleWebApp.csproj", "{4F3395E7-EBFF-4FD4-8583-BBB00F92E7CA}"
EndProject
Global
	GlobalSection(SolutionConfigurationPlatforms) = preSolution
		Debug|Any CPU = Debug|Any CPU
		Release|Any CPU = Release|Any CPU
	EndGlobalSection
	GlobalSection(ProjectConfigurationPlatforms) = postSolution
		{4F3395E7-EBFF-4FD4-8583-BBB00F92E7CA}.Debug|Any CPU.ActiveCfg = Debug|Any CPU
		{4F3395E7-EBFF-4FD4-8583-BBB00F92E7CA}.Debug|Any CPU.Build.0 = Debug|Any CPU
		{4F3395E7-EBFF-4FD4-8583-BBB00F92E7CA}.Release|Any CPU.ActiveCfg = Release|Any CPU
		{4F3395E7-EBFF-4FD4-8583-BBB00F92E7CA}.Release|Any CPU.Build.0 = Release|Any CPU
	EndGlobalSection
	GlobalSection(SolutionProperties) = preSolution
		HideSolutionNode = FALSE
	EndGlobalSection
	GlobalSection(ExtensibilityGlobals) = postSolution
		SolutionGuid = {47154CD6-20D9-44CC-BEEC-5E65A996E690}
	EndGlobalSection
EndGlobal
