
Microsoft Visual Studio Solution File, Format Version 12.00
# Visual Studio Version 17
VisualStudioVersion = 17.1.32407.343
MinimumVisualStudioVersion = 10.0.40219.1
Project("{FAE04EC0-301F-11D3-BF4B-00C04F79EFBC}") = "Api", "Api\Api.csproj", "{6BDEBDF0-CF49-43CF-A12B-CD9C117570FE}"
EndProject
Global
	GlobalSection(SolutionConfigurationPlatforms) = preSolution
		Debug|Any CPU = Debug|Any CPU
		Release|Any CPU = Release|Any CPU
	EndGlobalSection
	GlobalSection(ProjectConfigurationPlatforms) = postSolution
		{6BDEBDF0-CF49-43CF-A12B-CD9C117570FE}.Debug|Any CPU.ActiveCfg = Debug|Any CPU
		{6BDEBDF0-CF49-43CF-A12B-CD9C117570FE}.Debug|Any CPU.Build.0 = Debug|Any CPU
		{6BDEBDF0-CF49-43CF-A12B-CD9C117570FE}.Release|Any CPU.ActiveCfg = Release|Any CPU
		{6BDEBDF0-CF49-43CF-A12B-CD9C117570FE}.Release|Any CPU.Build.0 = Release|Any CPU
	EndGlobalSection
	GlobalSection(SolutionProperties) = preSolution
		HideSolutionNode = FALSE
	EndGlobalSection
	GlobalSection(ExtensibilityGlobals) = postSolution
		SolutionGuid = {CF3E1B2D-1864-4EF3-855D-FA11ED03E558}
	EndGlobalSection
EndGlobal